# THIS IS AN AUTOGENERATED FILE. DO NOT EDIT THIS FILE DIRECTLY.
# yarn lockfile v1


react-loader-spinner@^5.1.5:
  version "5.1.5"
  resolved "https://registry.yarnpkg.com/react-loader-spinner/-/react-loader-spinner-5.1.5.tgz#392ecc2c964363cde0572b8aaa41c29ebbe372ad"
  integrity sha512-kHSBa3pNPNzd3UGOiOsHCC33qx5bZA7IHKau+YSTVn36Jib4eBVx/TNMggudbzW5CTnRCbP5bnYU4ACAX3mA6g==
